
Microsoft Visual Studio Solution File, Format Version 12.00
# Visual Studio Version 16
VisualStudioVersion = 25.0.1706.1
MinimumVisualStudioVersion = 10.0.40219.1
Project("{FAE04EC0-301F-11D3-BF4B-00C04F79EFBC}") = "BankTransaction", "BankTransaction.csproj", "{C6F76DB4-B7D9-4E6E-9029-11EBB7322CD2}"
EndProject
Global
	GlobalSection(SolutionConfigurationPlatforms) = preSolution
		Debug|Any CPU = Debug|Any CPU
		Release|Any CPU = Release|Any CPU
	EndGlobalSection
	GlobalSection(ProjectConfigurationPlatforms) = postSolution
		{C6F76DB4-B7D9-4E6E-9029-11EBB7322CD2}.Debug|Any CPU.ActiveCfg = Debug|Any CPU
		{C6F76DB4-B7D9-4E6E-9029-11EBB7322CD2}.Debug|Any CPU.Build.0 = Debug|Any CPU
		{C6F76DB4-B7D9-4E6E-9029-11EBB7322CD2}.Release|Any CPU.ActiveCfg = Release|Any CPU
		{C6F76DB4-B7D9-4E6E-9029-11EBB7322CD2}.Release|Any CPU.Build.0 = Release|Any CPU
	EndGlobalSection
	GlobalSection(SolutionProperties) = preSolution
		HideSolutionNode = FALSE
	EndGlobalSection
	GlobalSection(ExtensibilityGlobals) = postSolution
		SolutionGuid = {26391AD0-489A-4F2D-B7F9-53BFAC46D9C8}
	EndGlobalSection
EndGlobal
